// !$*UTF8*$!
{
	archiveVersion = 1;
	classes = {
	};
	objectVersion = 77;
	objects = {

/* Begin PBXBuildFile section */
		9392AF623134519A6B44EEA5 /* Pods_Stream_Mirror.framework in Frameworks */ = {isa = PBXBuildFile; fileRef = CC80FCDC61AF20D0411533AE /* Pods_Stream_Mirror.framework */; };
		FF750E8C2FDC1D4800E69928 /* PDFTron in Frameworks */ = {isa = PBXBuildFile; productRef = FF750E8B2FDC1D4800E69928 /* PDFTron */; };
		FF86834D2FD941E4002462D0 /* Starscream in Frameworks */ = {isa = PBXBuildFile; productRef = FF86834C2FD941E4002462D0 /* Starscream */; };
		FF8683502FD94218002462D0 /* SwiftProtobuf in Frameworks */ = {isa = PBXBuildFile; productRef = FF86834F2FD94218002462D0 /* SwiftProtobuf */; };
		FF8683522FD94218002462D0 /* SwiftProtobufPluginLibrary in Frameworks */ = {isa = PBXBuildFile; productRef = FF8683512FD94218002462D0 /* SwiftProtobufPluginLibrary */; };
		FF86847C2FD98D22002462D0 /* ReplayKit.framework in Frameworks */ = {isa = PBXBuildFile; fileRef = FF86847B2FD98D22002462D0 /* ReplayKit.framework */; };
		FF8684832FD98D22002462D0 /* StreamMirrorBroadcast.appex in Embed Foundation Extensions */ = {isa = PBXBuildFile; fileRef = FF86847A2FD98D21002462D0 /* StreamMirrorBroadcast.appex */; settings = {ATTRIBUTES = (RemoveHeadersOnCopy, ); }; };
/* End PBXBuildFile section */

/* Begin PBXContainerItemProxy section */
		FF8684812FD98D22002462D0 /* PBXContainerItemProxy */ = {
			isa = PBXContainerItemProxy;
			containerPortal = FF86802A2FD937AB002462D0 /* Project object */;
			proxyType = 1;
			remoteGlobalIDString = FF8684792FD98D21002462D0;
			remoteInfo = StreamMirrorBroadcast;
		};
/* End PBXContainerItemProxy section */

/* Begin PBXCopyFilesBuildPhase section */
		FF8684882FD98D22002462D0 /* Embed Foundation Extensions */ = {
			isa = PBXCopyFilesBuildPhase;
			buildActionMask = 2147483647;
			dstPath = "";
			dstSubfolderSpec = 13;
			files = (
				FF8684832FD98D22002462D0 /* StreamMirrorBroadcast.appex in Embed Foundation Extensions */,
			);
			name = "Embed Foundation Extensions";
			runOnlyForDeploymentPostprocessing = 0;
		};
/* End PBXCopyFilesBuildPhase section */

/* Begin PBXFileReference section */
		1CDD629BFDE7E1046DCDA968 /* Pods-Stream Mirror.debug.xcconfig */ = {isa = PBXFileReference; includeInIndex = 1; lastKnownFileType = text.xcconfig; name = "Pods-Stream Mirror.debug.xcconfig"; path = "Target Support Files/Pods-Stream Mirror/Pods-Stream Mirror.debug.xcconfig"; sourceTree = "<group>"; };
		59CD3D1E823E3ED5676F8B81 /* Pods-Stream Mirror.release.xcconfig */ = {isa = PBXFileReference; includeInIndex = 1; lastKnownFileType = text.xcconfig; name = "Pods-Stream Mirror.release.xcconfig"; path = "Target Support Files/Pods-Stream Mirror/Pods-Stream Mirror.release.xcconfig"; sourceTree = "<group>"; };
		CC80FCDC61AF20D0411533AE /* Pods_Stream_Mirror.framework */ = {isa = PBXFileReference; explicitFileType = wrapper.framework; includeInIndex = 0; path = Pods_Stream_Mirror.framework; sourceTree = BUILT_PRODUCTS_DIR; };
		FF8680322FD937AB002462D0 /* Stream Mirror.app */ = {isa = PBXFileReference; explicitFileType = wrapper.application; includeInIndex = 0; path = "Stream Mirror.app"; sourceTree = BUILT_PRODUCTS_DIR; };
		FF86847A2FD98D21002462D0 /* StreamMirrorBroadcast.appex */ = {isa = PBXFileReference; explicitFileType = "wrapper.app-extension"; includeInIndex = 0; path = StreamMirrorBroadcast.appex; sourceTree = BUILT_PRODUCTS_DIR; };
		FF86847B2FD98D22002462D0 /* ReplayKit.framework */ = {isa = PBXFileReference; lastKnownFileType = wrapper.framework; name = ReplayKit.framework; path = System/Library/Frameworks/ReplayKit.framework; sourceTree = SDKROOT; };
/* End PBXFileReference section */

/* Begin PBXFileSystemSynchronizedBuildFileExceptionSet section */
		FF6F9EED2FDD2B7700C21665 /* Exceptions for "Stream Mirror" folder in "StreamMirrorBroadcast" target */ = {
			isa = PBXFileSystemSynchronizedBuildFileExceptionSet;
			membershipExceptions = (
				"App Configue/AppStrings.swift",
			);
			target = FF8684792FD98D21002462D0 /* StreamMirrorBroadcast */;
		};
		FF8684842FD98D22002462D0 /* Exceptions for "StreamMirrorBroadcast" folder in "StreamMirrorBroadcast" target */ = {
			isa = PBXFileSystemSynchronizedBuildFileExceptionSet;
			membershipExceptions = (
				Info.plist,
			);
			target = FF8684792FD98D21002462D0 /* StreamMirrorBroadcast */;
		};
/* End PBXFileSystemSynchronizedBuildFileExceptionSet section */

/* Begin PBXFileSystemSynchronizedRootGroup section */
		FF8680342FD937AB002462D0 /* Stream Mirror */ = {
			isa = PBXFileSystemSynchronizedRootGroup;
			exceptions = (
				FF6F9EED2FDD2B7700C21665 /* Exceptions for "Stream Mirror" folder in "StreamMirrorBroadcast" target */,
			);
			path = "Stream Mirror";
			sourceTree = "<group>";
		};
		FF86847D2FD98D22002462D0 /* StreamMirrorBroadcast */ = {
			isa = PBXFileSystemSynchronizedRootGroup;
			exceptions = (
				FF8684842FD98D22002462D0 /* Exceptions for "StreamMirrorBroadcast" folder in "StreamMirrorBroadcast" target */,
			);
			path = StreamMirrorBroadcast;
			sourceTree = "<group>";
		};
/* End PBXFileSystemSynchronizedRootGroup section */

/* Begin PBXFrameworksBuildPhase section */
		FF86802F2FD937AB002462D0 /* Frameworks */ = {
			isa = PBXFrameworksBuildPhase;
			buildActionMask = 2147483647;
			files = (
				FF8683522FD94218002462D0 /* SwiftProtobufPluginLibrary in Frameworks */,
				9392AF623134519A6B44EEA5 /* Pods_Stream_Mirror.framework in Frameworks */,
				FF86834D2FD941E4002462D0 /* Starscream in Frameworks */,
				FF8683502FD94218002462D0 /* SwiftProtobuf in Frameworks */,
				FF750E8C2FDC1D4800E69928 /* PDFTron in Frameworks */,
			);
			runOnlyForDeploymentPostprocessing = 0;
		};
		FF8684772FD98D21002462D0 /* Frameworks */ = {
			isa = PBXFrameworksBuildPhase;
			buildActionMask = 2147483647;
			files = (
				FF86847C2FD98D22002462D0 /* ReplayKit.framework in Frameworks */,
			);
			runOnlyForDeploymentPostprocessing = 0;
		};
/* End PBXFrameworksBuildPhase section */

/* Begin PBXGroup section */
		8D4A2A2329F5B0C2986B0EA8 /* Frameworks */ = {
			isa = PBXGroup;
			children = (
				CC80FCDC61AF20D0411533AE /* Pods_Stream_Mirror.framework */,
				FF86847B2FD98D22002462D0 /* ReplayKit.framework */,
			);
			name = Frameworks;
			sourceTree = "<group>";
		};
		CDF1CC4F61EFDBE563D9FEBC /* Pods */ = {
			isa = PBXGroup;
			children = (
				1CDD629BFDE7E1046DCDA968 /* Pods-Stream Mirror.debug.xcconfig */,
				59CD3D1E823E3ED5676F8B81 /* Pods-Stream Mirror.release.xcconfig */,
			);
			path = Pods;
			sourceTree = "<group>";
		};
		FF8680292FD937AB002462D0 = {
			isa = PBXGroup;
			children = (
				FF8680342FD937AB002462D0 /* Stream Mirror */,
				FF86847D2FD98D22002462D0 /* StreamMirrorBroadcast */,
				FF8680332FD937AB002462D0 /* Products */,
				CDF1CC4F61EFDBE563D9FEBC /* Pods */,
				8D4A2A2329F5B0C2986B0EA8 /* Frameworks */,
			);
			sourceTree = "<group>";
		};
		FF8680332FD937AB002462D0 /* Products */ = {
			isa = PBXGroup;
			children = (
				FF8680322FD937AB002462D0 /* Stream Mirror.app */,
				FF86847A2FD98D21002462D0 /* StreamMirrorBroadcast.appex */,
			);
			name = Products;
			sourceTree = "<group>";
		};
/* End PBXGroup section */

/* Begin PBXNativeTarget section */
		FF8680312FD937AB002462D0 /* Stream Mirror */ = {
			isa = PBXNativeTarget;
			buildConfigurationList = FF86803D2FD937AC002462D0 /* Build configuration list for PBXNativeTarget "Stream Mirror" */;
			buildPhases = (
				CA19E14B5405639D29019DC3 /* [CP] Check Pods Manifest.lock */,
				FF86802E2FD937AB002462D0 /* Sources */,
				FF86802F2FD937AB002462D0 /* Frameworks */,
				FF8680302FD937AB002462D0 /* Resources */,
				B81F469324DB9B002C973630 /* [CP] Embed Pods Frameworks */,
				9DDE3036B98A7E500C35EE78 /* [CP] Copy Pods Resources */,
				FF8684882FD98D22002462D0 /* Embed Foundation Extensions */,
			);
			buildRules = (
			);
			dependencies = (
				FF8684822FD98D22002462D0 /* PBXTargetDependency */,
			);
			fileSystemSynchronizedGroups = (
				FF8680342FD937AB002462D0 /* Stream Mirror */,
			);
			name = "Stream Mirror";
			productName = "Stream Mirror";
			productReference = FF8680322FD937AB002462D0 /* Stream Mirror.app */;
			productType = "com.apple.product-type.application";
		};
		FF8684792FD98D21002462D0 /* StreamMirrorBroadcast */ = {
			isa = PBXNativeTarget;
			buildConfigurationList = FF8684852FD98D22002462D0 /* Build configuration list for PBXNativeTarget "StreamMirrorBroadcast" */;
			buildPhases = (
				FF8684762FD98D21002462D0 /* Sources */,
				FF8684772FD98D21002462D0 /* Frameworks */,
				FF8684782FD98D21002462D0 /* Resources */,
			);
			buildRules = (
			);
			dependencies = (
			);
			fileSystemSynchronizedGroups = (
				FF86847D2FD98D22002462D0 /* StreamMirrorBroadcast */,
			);
			name = StreamMirrorBroadcast;
			productName = StreamMirrorBroadcast;
			productReference = FF86847A2FD98D21002462D0 /* StreamMirrorBroadcast.appex */;
			productType = "com.apple.product-type.app-extension";
		};
/* End PBXNativeTarget section */

/* Begin PBXProject section */
		FF86802A2FD937AB002462D0 /* Project object */ = {
			isa = PBXProject;
			attributes = {
				BuildIndependentTargetsInParallel = 1;
				LastSwiftUpdateCheck = 2640;
				LastUpgradeCheck = 2640;
				TargetAttributes = {
					FF8680312FD937AB002462D0 = {
						CreatedOnToolsVersion = 26.4.1;
					};
					FF8684792FD98D21002462D0 = {
						CreatedOnToolsVersion = 26.4.1;
					};
				};
			};
			buildConfigurationList = FF86802D2FD937AB002462D0 /* Build configuration list for PBXProject "Stream Mirror" */;
			developmentRegion = en;
			hasScannedForEncodings = 0;
			knownRegions = (
				en,
				Base,
			);
			mainGroup = FF8680292FD937AB002462D0;
			minimizedProjectReferenceProxies = 1;
			packageReferences = (
				FF86834B2FD941E4002462D0 /* XCRemoteSwiftPackageReference "Starscream" */,
				FF86834E2FD94218002462D0 /* XCRemoteSwiftPackageReference "swift-protobuf" */,
				FF750E8A2FDC1D4800E69928 /* XCRemoteSwiftPackageReference "pdftron-apple-package" */,
			);
			preferredProjectObjectVersion = 77;
			productRefGroup = FF8680332FD937AB002462D0 /* Products */;
			projectDirPath = "";
			projectRoot = "";
			targets = (
				FF8680312FD937AB002462D0 /* Stream Mirror */,
				FF8684792FD98D21002462D0 /* StreamMirrorBroadcast */,
			);
		};
/* End PBXProject section */

/* Begin PBXResourcesBuildPhase section */
		FF8680302FD937AB002462D0 /* Resources */ = {
			isa = PBXResourcesBuildPhase;
			buildActionMask = 2147483647;
			files = (
			);
			runOnlyForDeploymentPostprocessing = 0;
		};
		FF8684782FD98D21002462D0 /* Resources */ = {
			isa = PBXResourcesBuildPhase;
			buildActionMask = 2147483647;
			files = (
			);
			runOnlyForDeploymentPostprocessing = 0;
		};
/* End PBXResourcesBuildPhase section */

/* Begin PBXShellScriptBuildPhase section */
		9DDE3036B98A7E500C35EE78 /* [CP] Copy Pods Resources */ = {
			isa = PBXShellScriptBuildPhase;
			buildActionMask = 2147483647;
			files = (
			);
			inputFileListPaths = (
				"${PODS_ROOT}/Target Support Files/Pods-Stream Mirror/Pods-Stream Mirror-resources-${CONFIGURATION}-input-files.xcfilelist",
			);
			inputPaths = (
			);
			name = "[CP] Copy Pods Resources";
			outputFileListPaths = (
				"${PODS_ROOT}/Target Support Files/Pods-Stream Mirror/Pods-Stream Mirror-resources-${CONFIGURATION}-output-files.xcfilelist",
			);
			outputPaths = (
			);
			runOnlyForDeploymentPostprocessing = 0;
			shellPath = /bin/sh;
			shellScript = "\"${PODS_ROOT}/Target Support Files/Pods-Stream Mirror/Pods-Stream Mirror-resources.sh\"\n";
			showEnvVarsInLog = 0;
		};
		B81F469324DB9B002C973630 /* [CP] Embed Pods Frameworks */ = {
			isa = PBXShellScriptBuildPhase;
			buildActionMask = 2147483647;
			files = (
			);
			inputFileListPaths = (
				"${PODS_ROOT}/Target Support Files/Pods-Stream Mirror/Pods-Stream Mirror-frameworks-${CONFIGURATION}-input-files.xcfilelist",
			);
			inputPaths = (
			);
			name = "[CP] Embed Pods Frameworks";
			outputFileListPaths = (
				"${PODS_ROOT}/Target Support Files/Pods-Stream Mirror/Pods-Stream Mirror-frameworks-${CONFIGURATION}-output-files.xcfilelist",
			);
			outputPaths = (
			);
			runOnlyForDeploymentPostprocessing = 0;
			shellPath = /bin/sh;
			shellScript = "\"${PODS_ROOT}/Target Support Files/Pods-Stream Mirror/Pods-Stream Mirror-frameworks.sh\"\n";
			showEnvVarsInLog = 0;
		};
		CA19E14B5405639D29019DC3 /* [CP] Check Pods Manifest.lock */ = {
			isa = PBXShellScriptBuildPhase;
			buildActionMask = 2147483647;
			files = (
			);
			inputFileListPaths = (
			);
			inputPaths = (
				"${PODS_PODFILE_DIR_PATH}/Podfile.lock",
				"${PODS_ROOT}/Manifest.lock",
			);
			name = "[CP] Check Pods Manifest.lock";
			outputFileListPaths = (
			);
			outputPaths = (
				"$(DERIVED_FILE_DIR)/Pods-Stream Mirror-checkManifestLockResult.txt",
			);
			runOnlyForDeploymentPostprocessing = 0;
			shellPath = /bin/sh;
			shellScript = "diff \"${PODS_PODFILE_DIR_PATH}/Podfile.lock\" \"${PODS_ROOT}/Manifest.lock\" > /dev/null\nif [ $? != 0 ] ; then\n    # print error to STDERR\n    echo \"error: The sandbox is not in sync with the Podfile.lock. Run 'pod install' or update your CocoaPods installation.\" >&2\n    exit 1\nfi\n# This output is used by Xcode 'outputs' to avoid re-running this script phase.\necho \"SUCCESS\" > \"${SCRIPT_OUTPUT_FILE_0}\"\n";
			showEnvVarsInLog = 0;
		};
/* End PBXShellScriptBuildPhase section */

/* Begin PBXSourcesBuildPhase section */
		FF86802E2FD937AB002462D0 /* Sources */ = {
			isa = PBXSourcesBuildPhase;
			buildActionMask = 2147483647;
			files = (
			);
			runOnlyForDeploymentPostprocessing = 0;
		};
		FF8684762FD98D21002462D0 /* Sources */ = {
			isa = PBXSourcesBuildPhase;
			buildActionMask = 2147483647;
			files = (
			);
			runOnlyForDeploymentPostprocessing = 0;
		};
/* End PBXSourcesBuildPhase section */

/* Begin PBXTargetDependency section */
		FF8684822FD98D22002462D0 /* PBXTargetDependency */ = {
			isa = PBXTargetDependency;
			target = FF8684792FD98D21002462D0 /* StreamMirrorBroadcast */;
			targetProxy = FF8684812FD98D22002462D0 /* PBXContainerItemProxy */;
		};
/* End PBXTargetDependency section */

/* Begin XCBuildConfiguration section */
		FF86803B2FD937AC002462D0 /* Debug */ = {
			isa = XCBuildConfiguration;
			buildSettings = {
				ALWAYS_SEARCH_USER_PATHS = NO;
				ASSETCATALOG_COMPILER_GENERATE_SWIFT_ASSET_SYMBOL_EXTENSIONS = YES;
				CLANG_ANALYZER_NONNULL = YES;
				CLANG_ANALYZER_NUMBER_OBJECT_CONVERSION = YES_AGGRESSIVE;
				CLANG_CXX_LANGUAGE_STANDARD = "gnu++20";
				CLANG_ENABLE_MODULES = YES;
				CLANG_ENABLE_OBJC_ARC = YES;
				CLANG_ENABLE_OBJC_WEAK = YES;
				CLANG_WARN_BLOCK_CAPTURE_AUTORELEASING = YES;
				CLANG_WARN_BOOL_CONVERSION = YES;
				CLANG_WARN_COMMA = YES;
				CLANG_WARN_CONSTANT_CONVERSION = YES;
				CLANG_WARN_DEPRECATED_OBJC_IMPLEMENTATIONS = YES;
				CLANG_WARN_DIRECT_OBJC_ISA_USAGE = YES_ERROR;
				CLANG_WARN_DOCUMENTATION_COMMENTS = YES;
				CLANG_WARN_EMPTY_BODY = YES;
				CLANG_WARN_ENUM_CONVERSION = YES;
				CLANG_WARN_INFINITE_RECURSION = YES;
				CLANG_WARN_INT_CONVERSION = YES;
				CLANG_WARN_NON_LITERAL_NULL_CONVERSION = YES;
				CLANG_WARN_OBJC_IMPLICIT_RETAIN_SELF = YES;
				CLANG_WARN_OBJC_LITERAL_CONVERSION = YES;
				CLANG_WARN_OBJC_ROOT_CLASS = YES_ERROR;
				CLANG_WARN_QUOTED_INCLUDE_IN_FRAMEWORK_HEADER = YES;
				CLANG_WARN_RANGE_LOOP_ANALYSIS = YES;
				CLANG_WARN_STRICT_PROTOTYPES = YES;
				CLANG_WARN_SUSPICIOUS_MOVE = YES;
				CLANG_WARN_UNGUARDED_AVAILABILITY = YES_AGGRESSIVE;
				CLANG_WARN_UNREACHABLE_CODE = YES;
				CLANG_WARN__DUPLICATE_METHOD_MATCH = YES;
				COPY_PHASE_STRIP = NO;
				DEBUG_INFORMATION_FORMAT = dwarf;
				ENABLE_STRICT_OBJC_MSGSEND = YES;
				ENABLE_TESTABILITY = YES;
				ENABLE_USER_SCRIPT_SANDBOXING = NO;
				GCC_C_LANGUAGE_STANDARD = gnu17;
				GCC_DYNAMIC_NO_PIC = NO;
				GCC_NO_COMMON_BLOCKS = YES;
				GCC_OPTIMIZATION_LEVEL = 0;
				GCC_PREPROCESSOR_DEFINITIONS = (
					"DEBUG=1",
					"$(inherited)",
				);
				GCC_WARN_64_TO_32_BIT_CONVERSION = YES;
				GCC_WARN_ABOUT_RETURN_TYPE = YES_ERROR;
				GCC_WARN_UNDECLARED_SELECTOR = YES;
				GCC_WARN_UNINITIALIZED_AUTOS = YES_AGGRESSIVE;
				GCC_WARN_UNUSED_FUNCTION = YES;
				GCC_WARN_UNUSED_VARIABLE = YES;
				LOCALIZATION_PREFERS_STRING_CATALOGS = YES;
				MTL_ENABLE_DEBUG_INFO = INCLUDE_SOURCE;
				MTL_FAST_MATH = YES;
				ONLY_ACTIVE_ARCH = YES;
				SWIFT_ACTIVE_COMPILATION_CONDITIONS = "DEBUG $(inherited)";
				SWIFT_OPTIMIZATION_LEVEL = "-Onone";
			};
			name = Debug;
		};
		FF86803C2FD937AC002462D0 /* Release */ = {
			isa = XCBuildConfiguration;
			buildSettings = {
				ALWAYS_SEARCH_USER_PATHS = NO;
				ASSETCATALOG_COMPILER_GENERATE_SWIFT_ASSET_SYMBOL_EXTENSIONS = YES;
				CLANG_ANALYZER_NONNULL = YES;
				CLANG_ANALYZER_NUMBER_OBJECT_CONVERSION = YES_AGGRESSIVE;
				CLANG_CXX_LANGUAGE_STANDARD = "gnu++20";
				CLANG_ENABLE_MODULES = YES;
				CLANG_ENABLE_OBJC_ARC = YES;
				CLANG_ENABLE_OBJC_WEAK = YES;
				CLANG_WARN_BLOCK_CAPTURE_AUTORELEASING = YES;
				CLANG_WARN_BOOL_CONVERSION = YES;
				CLANG_WARN_COMMA = YES;
				CLANG_WARN_CONSTANT_CONVERSION = YES;
				CLANG_WARN_DEPRECATED_OBJC_IMPLEMENTATIONS = YES;
				CLANG_WARN_DIRECT_OBJC_ISA_USAGE = YES_ERROR;
				CLANG_WARN_DOCUMENTATION_COMMENTS = YES;
				CLANG_WARN_EMPTY_BODY = YES;
				CLANG_WARN_ENUM_CONVERSION = YES;
				CLANG_WARN_INFINITE_RECURSION = YES;
				CLANG_WARN_INT_CONVERSION = YES;
				CLANG_WARN_NON_LITERAL_NULL_CONVERSION = YES;
				CLANG_WARN_OBJC_IMPLICIT_RETAIN_SELF = YES;
				CLANG_WARN_OBJC_LITERAL_CONVERSION = YES;
				CLANG_WARN_OBJC_ROOT_CLASS = YES_ERROR;
				CLANG_WARN_QUOTED_INCLUDE_IN_FRAMEWORK_HEADER = YES;
				CLANG_WARN_RANGE_LOOP_ANALYSIS = YES;
				CLANG_WARN_STRICT_PROTOTYPES = YES;
				CLANG_WARN_SUSPICIOUS_MOVE = YES;
				CLANG_WARN_UNGUARDED_AVAILABILITY = YES_AGGRESSIVE;
				CLANG_WARN_UNREACHABLE_CODE = YES;
				CLANG_WARN__DUPLICATE_METHOD_MATCH = YES;
				COPY_PHASE_STRIP = NO;
				DEBUG_INFORMATION_FORMAT = "dwarf-with-dsym";
				ENABLE_NS_ASSERTIONS = NO;
				ENABLE_STRICT_OBJC_MSGSEND = YES;
				ENABLE_USER_SCRIPT_SANDBOXING = NO;
				GCC_C_LANGUAGE_STANDARD = gnu17;
				GCC_NO_COMMON_BLOCKS = YES;
				GCC_WARN_64_TO_32_BIT_CONVERSION = YES;
				GCC_WARN_ABOUT_RETURN_TYPE = YES_ERROR;
				GCC_WARN_UNDECLARED_SELECTOR = YES;
				GCC_WARN_UNINITIALIZED_AUTOS = YES_AGGRESSIVE;
				GCC_WARN_UNUSED_FUNCTION = YES;
				GCC_WARN_UNUSED_VARIABLE = YES;
				LOCALIZATION_PREFERS_STRING_CATALOGS = YES;
				MTL_ENABLE_DEBUG_INFO = NO;
				MTL_FAST_MATH = YES;
				SWIFT_COMPILATION_MODE = wholemodule;
			};
			name = Release;
		};
		FF86803E2FD937AC002462D0 /* Debug */ = {
			isa = XCBuildConfiguration;
			baseConfigurationReference = 1CDD629BFDE7E1046DCDA968 /* Pods-Stream Mirror.debug.xcconfig */;
			buildSettings = {
				ASSETCATALOG_COMPILER_APPICON_NAME = AppIcon;
				ASSETCATALOG_COMPILER_GLOBAL_ACCENT_COLOR_NAME = AccentColor;
				CODE_SIGN_ENTITLEMENTS = "Stream Mirror/Stream Mirror.entitlements";
				CODE_SIGN_STYLE = Automatic;
				CURRENT_PROJECT_VERSION = 1;
				DEVELOPMENT_TEAM = WU3GMM6Y8Z;
				ENABLE_APP_SANDBOX = YES;
				ENABLE_PREVIEWS = YES;
				ENABLE_USER_SELECTED_FILES = readonly;
				GENERATE_INFOPLIST_FILE = YES;
				INFOPLIST_FILE = "Stream-Mirror-Info.plist";
				INFOPLIST_KEY_NSAppleMusicUsageDescription = "This app needs access to your music library to display songs.";
				INFOPLIST_KEY_NSLocalNetworkUsageDescription = "This app requires access to the local network to discover and cast to Smart TV";
				INFOPLIST_KEY_NSPhotoLibraryUsageDescription = "This app needs access to your photo library to display photos and videos.";
				INFOPLIST_KEY_NSUserTrackingUsageDescription = "This identifier will be used to deliver personalized ads to you.";
				"INFOPLIST_KEY_UIApplicationSceneManifest_Generation[sdk=iphoneos*]" = YES;
				"INFOPLIST_KEY_UIApplicationSceneManifest_Generation[sdk=iphonesimulator*]" = YES;
				"INFOPLIST_KEY_UIApplicationSupportsIndirectInputEvents[sdk=iphoneos*]" = YES;
				"INFOPLIST_KEY_UIApplicationSupportsIndirectInputEvents[sdk=iphonesimulator*]" = YES;
				"INFOPLIST_KEY_UILaunchScreen_Generation[sdk=iphoneos*]" = YES;
				"INFOPLIST_KEY_UILaunchScreen_Generation[sdk=iphonesimulator*]" = YES;
				"INFOPLIST_KEY_UIStatusBarStyle[sdk=iphoneos*]" = UIStatusBarStyleDefault;
				"INFOPLIST_KEY_UIStatusBarStyle[sdk=iphonesimulator*]" = UIStatusBarStyleDefault;
				INFOPLIST_KEY_UISupportedInterfaceOrientations = UIInterfaceOrientationPortrait;
				INFOPLIST_KEY_UISupportedInterfaceOrientations_iPad = "UIInterfaceOrientationLandscapeLeft UIInterfaceOrientationLandscapeRight UIInterfaceOrientationPortrait UIInterfaceOrientationPortraitUpsideDown";
				IPHONEOS_DEPLOYMENT_TARGET = 16.6;
				LD_RUNPATH_SEARCH_PATHS = "@executable_path/Frameworks";
				"LD_RUNPATH_SEARCH_PATHS[sdk=macosx*]" = "@executable_path/../Frameworks";
				MACOSX_DEPLOYMENT_TARGET = 26.4;
				MARKETING_VERSION = 1.0;
				PRODUCT_BUNDLE_IDENTIFIER = com.sumit.remote;
				PRODUCT_NAME = "$(TARGET_NAME)";
				REGISTER_APP_GROUPS = YES;
				SDKROOT = auto;
				STRING_CATALOG_GENERATE_SYMBOLS = YES;
				SUPPORTED_PLATFORMS = "iphoneos iphonesimulator";
				SUPPORTS_MACCATALYST = NO;
				SWIFT_APPROACHABLE_CONCURRENCY = YES;
				SWIFT_DEFAULT_ACTOR_ISOLATION = nonisolated;
				SWIFT_EMIT_LOC_STRINGS = YES;
				SWIFT_UPCOMING_FEATURE_MEMBER_IMPORT_VISIBILITY = YES;
				SWIFT_VERSION = 5.0;
				TARGETED_DEVICE_FAMILY = 1;
				XROS_DEPLOYMENT_TARGET = 26.4;
			};
			name = Debug;
		};
		FF86803F2FD937AC002462D0 /* Release */ = {
			isa = XCBuildConfiguration;
			baseConfigurationReference = 59CD3D1E823E3ED5676F8B81 /* Pods-Stream Mirror.release.xcconfig */;
			buildSettings = {
				ASSETCATALOG_COMPILER_APPICON_NAME = AppIcon;
				ASSETCATALOG_COMPILER_GLOBAL_ACCENT_COLOR_NAME = AccentColor;
				CODE_SIGN_ENTITLEMENTS = "Stream Mirror/Stream Mirror.entitlements";
				CODE_SIGN_STYLE = Automatic;
				CURRENT_PROJECT_VERSION = 1;
				DEVELOPMENT_TEAM = WU3GMM6Y8Z;
				ENABLE_APP_SANDBOX = YES;
				ENABLE_PREVIEWS = YES;
				ENABLE_USER_SELECTED_FILES = readonly;
				GENERATE_INFOPLIST_FILE = YES;
				INFOPLIST_FILE = "Stream-Mirror-Info.plist";
				INFOPLIST_KEY_NSAppleMusicUsageDescription = "This app needs access to your music library to display songs.";
				INFOPLIST_KEY_NSLocalNetworkUsageDescription = "This app requires access to the local network to discover and cast to Smart TV";
				INFOPLIST_KEY_NSPhotoLibraryUsageDescription = "This app needs access to your photo library to display photos and videos.";
				INFOPLIST_KEY_NSUserTrackingUsageDescription = "This identifier will be used to deliver personalized ads to you.";
				"INFOPLIST_KEY_UIApplicationSceneManifest_Generation[sdk=iphoneos*]" = YES;
				"INFOPLIST_KEY_UIApplicationSceneManifest_Generation[sdk=iphonesimulator*]" = YES;
				"INFOPLIST_KEY_UIApplicationSupportsIndirectInputEvents[sdk=iphoneos*]" = YES;
				"INFOPLIST_KEY_UIApplicationSupportsIndirectInputEvents[sdk=iphonesimulator*]" = YES;
				"INFOPLIST_KEY_UILaunchScreen_Generation[sdk=iphoneos*]" = YES;
				"INFOPLIST_KEY_UILaunchScreen_Generation[sdk=iphonesimulator*]" = YES;
				"INFOPLIST_KEY_UIStatusBarStyle[sdk=iphoneos*]" = UIStatusBarStyleDefault;
				"INFOPLIST_KEY_UIStatusBarStyle[sdk=iphonesimulator*]" = UIStatusBarStyleDefault;
				INFOPLIST_KEY_UISupportedInterfaceOrientations = UIInterfaceOrientationPortrait;
				INFOPLIST_KEY_UISupportedInterfaceOrientations_iPad = "UIInterfaceOrientationLandscapeLeft UIInterfaceOrientationLandscapeRight UIInterfaceOrientationPortrait UIInterfaceOrientationPortraitUpsideDown";
				IPHONEOS_DEPLOYMENT_TARGET = 16.6;
				LD_RUNPATH_SEARCH_PATHS = "@executable_path/Frameworks";
				"LD_RUNPATH_SEARCH_PATHS[sdk=macosx*]" = "@executable_path/../Frameworks";
				MACOSX_DEPLOYMENT_TARGET = 26.4;
				MARKETING_VERSION = 1.0;
				PRODUCT_BUNDLE_IDENTIFIER = com.sumit.remote;
				PRODUCT_NAME = "$(TARGET_NAME)";
				REGISTER_APP_GROUPS = YES;
				SDKROOT = auto;
				STRING_CATALOG_GENERATE_SYMBOLS = YES;
				SUPPORTED_PLATFORMS = "iphoneos iphonesimulator";
				SUPPORTS_MACCATALYST = NO;
				SWIFT_APPROACHABLE_CONCURRENCY = YES;
				SWIFT_DEFAULT_ACTOR_ISOLATION = nonisolated;
				SWIFT_EMIT_LOC_STRINGS = YES;
				SWIFT_UPCOMING_FEATURE_MEMBER_IMPORT_VISIBILITY = YES;
				SWIFT_VERSION = 5.0;
				TARGETED_DEVICE_FAMILY = 1;
				XROS_DEPLOYMENT_TARGET = 26.4;
			};
			name = Release;
		};
		FF8684862FD98D22002462D0 /* Debug */ = {
			isa = XCBuildConfiguration;
			buildSettings = {
				CODE_SIGN_ENTITLEMENTS = StreamMirrorBroadcast/StreamMirrorBroadcast.entitlements;
				CODE_SIGN_STYLE = Automatic;
				CURRENT_PROJECT_VERSION = 1;
				DEVELOPMENT_TEAM = WU3GMM6Y8Z;
				ENABLE_USER_SCRIPT_SANDBOXING = YES;
				GENERATE_INFOPLIST_FILE = YES;
				INFOPLIST_FILE = StreamMirrorBroadcast/Info.plist;
				INFOPLIST_KEY_CFBundleDisplayName = StreamMirrorBroadcast;
				INFOPLIST_KEY_NSHumanReadableCopyright = "";
				IPHONEOS_DEPLOYMENT_TARGET = 16.6;
				LD_RUNPATH_SEARCH_PATHS = (
					"$(inherited)",
					"@executable_path/Frameworks",
					"@executable_path/../../Frameworks",
				);
				MARKETING_VERSION = 1.0;
				PRODUCT_BUNDLE_IDENTIFIER = com.sumit.remote.SmartRemoteBroadcast;
				PRODUCT_NAME = "$(TARGET_NAME)";
				SDKROOT = iphoneos;
				SKIP_INSTALL = YES;
				STRING_CATALOG_GENERATE_SYMBOLS = YES;
				SWIFT_APPROACHABLE_CONCURRENCY = YES;
				SWIFT_EMIT_LOC_STRINGS = YES;
				SWIFT_UPCOMING_FEATURE_MEMBER_IMPORT_VISIBILITY = YES;
				SWIFT_VERSION = 5.0;
				TARGETED_DEVICE_FAMILY = "1,2";
			};
			name = Debug;
		};
		FF8684872FD98D22002462D0 /* Release */ = {
			isa = XCBuildConfiguration;
			buildSettings = {
				CODE_SIGN_ENTITLEMENTS = StreamMirrorBroadcast/StreamMirrorBroadcast.entitlements;
				CODE_SIGN_STYLE = Automatic;
				CURRENT_PROJECT_VERSION = 1;
				DEVELOPMENT_TEAM = WU3GMM6Y8Z;
				ENABLE_USER_SCRIPT_SANDBOXING = YES;
				GENERATE_INFOPLIST_FILE = YES;
				INFOPLIST_FILE = StreamMirrorBroadcast/Info.plist;
				INFOPLIST_KEY_CFBundleDisplayName = StreamMirrorBroadcast;
				INFOPLIST_KEY_NSHumanReadableCopyright = "";
				IPHONEOS_DEPLOYMENT_TARGET = 16.6;
				LD_RUNPATH_SEARCH_PATHS = (
					"$(inherited)",
					"@executable_path/Frameworks",
					"@executable_path/../../Frameworks",
				);
				MARKETING_VERSION = 1.0;
				PRODUCT_BUNDLE_IDENTIFIER = com.sumit.remote.SmartRemoteBroadcast;
				PRODUCT_NAME = "$(TARGET_NAME)";
				SDKROOT = iphoneos;
				SKIP_INSTALL = YES;
				STRING_CATALOG_GENERATE_SYMBOLS = YES;
				SWIFT_APPROACHABLE_CONCURRENCY = YES;
				SWIFT_EMIT_LOC_STRINGS = YES;
				SWIFT_UPCOMING_FEATURE_MEMBER_IMPORT_VISIBILITY = YES;
				SWIFT_VERSION = 5.0;
				TARGETED_DEVICE_FAMILY = "1,2";
				VALIDATE_PRODUCT = YES;
			};
			name = Release;
		};
/* End XCBuildConfiguration section */

/* Begin XCConfigurationList section */
		FF86802D2FD937AB002462D0 /* Build configuration list for PBXProject "Stream Mirror" */ = {
			isa = XCConfigurationList;
			buildConfigurations = (
				FF86803B2FD937AC002462D0 /* Debug */,
				FF86803C2FD937AC002462D0 /* Release */,
			);
			defaultConfigurationIsVisible = 0;
			defaultConfigurationName = Release;
		};
		FF86803D2FD937AC002462D0 /* Build configuration list for PBXNativeTarget "Stream Mirror" */ = {
			isa = XCConfigurationList;
			buildConfigurations = (
				FF86803E2FD937AC002462D0 /* Debug */,
				FF86803F2FD937AC002462D0 /* Release */,
			);
			defaultConfigurationIsVisible = 0;
			defaultConfigurationName = Release;
		};
		FF8684852FD98D22002462D0 /* Build configuration list for PBXNativeTarget "StreamMirrorBroadcast" */ = {
			isa = XCConfigurationList;
			buildConfigurations = (
				FF8684862FD98D22002462D0 /* Debug */,
				FF8684872FD98D22002462D0 /* Release */,
			);
			defaultConfigurationIsVisible = 0;
			defaultConfigurationName = Release;
		};
/* End XCConfigurationList section */

/* Begin XCRemoteSwiftPackageReference section */
		FF750E8A2FDC1D4800E69928 /* XCRemoteSwiftPackageReference "pdftron-apple-package" */ = {
			isa = XCRemoteSwiftPackageReference;
			repositoryURL = "https://github.com/ApryseSDK/pdftron-apple-package?tab=readme-ov-file";
			requirement = {
				kind = upToNextMajorVersion;
				minimumVersion = 11.13.30701;
			};
		};
		FF86834B2FD941E4002462D0 /* XCRemoteSwiftPackageReference "Starscream" */ = {
			isa = XCRemoteSwiftPackageReference;
			repositoryURL = "https://github.com/daltoniam/Starscream.git";
			requirement = {
				kind = upToNextMajorVersion;
				minimumVersion = 4.0.8;
			};
		};
		FF86834E2FD94218002462D0 /* XCRemoteSwiftPackageReference "swift-protobuf" */ = {
			isa = XCRemoteSwiftPackageReference;
			repositoryURL = "https://github.com/apple/swift-protobuf.git";
			requirement = {
				kind = exactVersion;
				version = 1.33.3;
			};
		};
/* End XCRemoteSwiftPackageReference section */

/* Begin XCSwiftPackageProductDependency section */
		FF750E8B2FDC1D4800E69928 /* PDFTron */ = {
			isa = XCSwiftPackageProductDependency;
			package = FF750E8A2FDC1D4800E69928 /* XCRemoteSwiftPackageReference "pdftron-apple-package" */;
			productName = PDFTron;
		};
		FF86834C2FD941E4002462D0 /* Starscream */ = {
			isa = XCSwiftPackageProductDependency;
			package = FF86834B2FD941E4002462D0 /* XCRemoteSwiftPackageReference "Starscream" */;
			productName = Starscream;
		};
		FF86834F2FD94218002462D0 /* SwiftProtobuf */ = {
			isa = XCSwiftPackageProductDependency;
			package = FF86834E2FD94218002462D0 /* XCRemoteSwiftPackageReference "swift-protobuf" */;
			productName = SwiftProtobuf;
		};
		FF8683512FD94218002462D0 /* SwiftProtobufPluginLibrary */ = {
			isa = XCSwiftPackageProductDependency;
			package = FF86834E2FD94218002462D0 /* XCRemoteSwiftPackageReference "swift-protobuf" */;
			productName = SwiftProtobufPluginLibrary;
		};
/* End XCSwiftPackageProductDependency section */
	};
	rootObject = FF86802A2FD937AB002462D0 /* Project object */;
}
